
Microsoft Visual Studio Solution File, Format Version 12.00
# Visual Studio Version 17
VisualStudioVersion = 17.4.33110.190
MinimumVisualStudioVersion = 10.0.40219.1
Project("{FAE04EC0-301F-11D3-BF4B-00C04F79EFBC}") = "01.02hw", "01.02hw\01.02hw.csproj", "{107EBDC1-BDFA-49C5-9805-9560C8828ECE}"
EndProject
Global
	GlobalSection(SolutionConfigurationPlatforms) = preSolution
		Debug|Any CPU = Debug|Any CPU
		Release|Any CPU = Release|Any CPU
	EndGlobalSection
	GlobalSection(ProjectConfigurationPlatforms) = postSolution
		{107EBDC1-BDFA-49C5-9805-9560C8828ECE}.Debug|Any CPU.ActiveCfg = Debug|Any CPU
		{107EBDC1-BDFA-49C5-9805-9560C8828ECE}.Debug|Any CPU.Build.0 = Debug|Any CPU
		{107EBDC1-BDFA-49C5-9805-9560C8828ECE}.Release|Any CPU.ActiveCfg = Release|Any CPU
		{107EBDC1-BDFA-49C5-9805-9560C8828ECE}.Release|Any CPU.Build.0 = Release|Any CPU
	EndGlobalSection
	GlobalSection(SolutionProperties) = preSolution
		HideSolutionNode = FALSE
	EndGlobalSection
	GlobalSection(ExtensibilityGlobals) = postSolution
		SolutionGuid = {6562C427-6B5C-49F8-8900-0995905170CA}
	EndGlobalSection
EndGlobal
